
Microsoft Visual Studio Solution File, Format Version 12.00
# Visual Studio Version 17
VisualStudioVersion = 17.13.35828.75 d17.13
MinimumVisualStudioVersion = 10.0.40219.1
Project("{FAE04EC0-301F-11D3-BF4B-00C04F79EFBC}") = "WebApplication1", "WebApplication1\WebApplication1.csproj", "{AA1DBC16-4720-4C0D-AC85-B0BA0EF5C031}"
EndProject
Global
	GlobalSection(SolutionConfigurationPlatforms) = preSolution
		Debug|Any CPU = Debug|Any CPU
		Release|Any CPU = Release|Any CPU
	EndGlobalSection
	GlobalSection(ProjectConfigurationPlatforms) = postSolution
		{AA1DBC16-4720-4C0D-AC85-B0BA0EF5C031}.Debug|Any CPU.ActiveCfg = Debug|Any CPU
		{AA1DBC16-4720-4C0D-AC85-B0BA0EF5C031}.Debug|Any CPU.Build.0 = Debug|Any CPU
		{AA1DBC16-4720-4C0D-AC85-B0BA0EF5C031}.Release|Any CPU.ActiveCfg = Release|Any CPU
		{AA1DBC16-4720-4C0D-AC85-B0BA0EF5C031}.Release|Any CPU.Build.0 = Release|Any CPU
	EndGlobalSection
	GlobalSection(SolutionProperties) = preSolution
		HideSolutionNode = FALSE
	EndGlobalSection
	GlobalSection(ExtensibilityGlobals) = postSolution
		SolutionGuid = {3968D84A-4DEC-404B-93C8-A565DF0A68FC}
	EndGlobalSection
EndGlobal
